
Microsoft Visual Studio Solution File, Format Version 12.00
# Visual Studio 15
VisualStudioVersion = 15.0.27130.2036
MinimumVisualStudioVersion = 10.0.40219.1
Project("{FAE04EC0-301F-11D3-BF4B-00C04F79EFBC}") = "VetClinicModel", "VetClinicModel\VetClinicModel.csproj", "{D94A69F8-C9C6-4011-AC34-C51AE1619FF6}"
EndProject
Project("{FAE04EC0-301F-11D3-BF4B-00C04F79EFBC}") = "VetClinicService", "VetClinicService\VetClinicService.csproj", "{D595B11D-CB69-42A1-A9B6-976BCEA411C8}"
EndProject
Global
	GlobalSection(SolutionConfigurationPlatforms) = preSolution
		Debug|Any CPU = Debug|Any CPU
		Release|Any CPU = Release|Any CPU
	EndGlobalSection
	GlobalSection(ProjectConfigurationPlatforms) = postSolution
		{D94A69F8-C9C6-4011-AC34-C51AE1619FF6}.Debug|Any CPU.ActiveCfg = Debug|Any CPU
		{D94A69F8-C9C6-4011-AC34-C51AE1619FF6}.Debug|Any CPU.Build.0 = Debug|Any CPU
		{D94A69F8-C9C6-4011-AC34-C51AE1619FF6}.Release|Any CPU.ActiveCfg = Release|Any CPU
		{D94A69F8-C9C6-4011-AC34-C51AE1619FF6}.Release|Any CPU.Build.0 = Release|Any CPU
		{D595B11D-CB69-42A1-A9B6-976BCEA411C8}.Debug|Any CPU.ActiveCfg = Debug|Any CPU
		{D595B11D-CB69-42A1-A9B6-976BCEA411C8}.Debug|Any CPU.Build.0 = Debug|Any CPU
		{D595B11D-CB69-42A1-A9B6-976BCEA411C8}.Release|Any CPU.ActiveCfg = Release|Any CPU
		{D595B11D-CB69-42A1-A9B6-976BCEA411C8}.Release|Any CPU.Build.0 = Release|Any CPU
	EndGlobalSection
	GlobalSection(SolutionProperties) = preSolution
		HideSolutionNode = FALSE
	EndGlobalSection
	GlobalSection(ExtensibilityGlobals) = postSolution
		SolutionGuid = {C507F3EB-2142-4251-B9A9-69C0B64A7519}
	EndGlobalSection
EndGlobal
